
Microsoft Visual Studio Solution File, Format Version 12.00
# Visual Studio Version 16
VisualStudioVersion = 16.0.30225.117
MinimumVisualStudioVersion = 10.0.40219.1
Project("{9A19103F-16F7-4668-BE54-9A1E7A4F7556}") = "TastyBoutique.API", "TastyBoutique\TastyBoutique.API.csproj", "{8112502A-84BE-47CD-9AAA-8887614E83BE}"
	ProjectSection(ProjectDependencies) = postProject
		{66FC72FC-9D8A-4047-A42E-C4862D51E970} = {66FC72FC-9D8A-4047-A42E-C4862D51E970}
	EndProjectSection
EndProject
Project("{9A19103F-16F7-4668-BE54-9A1E7A4F7556}") = "TastyBoutique.Business", "TastyBoutique.Business\TastyBoutique.Business.csproj", "{66FC72FC-9D8A-4047-A42E-C4862D51E970}"
EndProject
Project("{2150E333-8FDC-42A3-9474-1A3956D46DE8}") = "01. Presentation", "01. Presentation", "{54F9940C-0E41-4D06-B22F-DD2D82EBC752}"
EndProject
Project("{2150E333-8FDC-42A3-9474-1A3956D46DE8}") = "02. Business", "02. Business", "{3C194489-6F4C-401B-B6A2-98C99BCEFB79}"
EndProject
Project("{2150E333-8FDC-42A3-9474-1A3956D46DE8}") = "03.Persistance", "03.Persistance", "{291C9BD2-E935-4B32-8A4B-F2B75E560AE1}"
EndProject
Project("{9A19103F-16F7-4668-BE54-9A1E7A4F7556}") = "TastyBoutique.Persistance", "TastyBoutique.Persistance\TastyBoutique.Persistance.csproj", "{3356B325-B241-4FBB-971A-BEF02A8C370C}"
EndProject
Project("{9A19103F-16F7-4668-BE54-9A1E7A4F7556}") = "TastyBoutique.Entities", "TastyBoutique.Entities\TastyBoutique.Entities.csproj", "{3F78CADD-3698-4463-B434-173EA26321BD}"
EndProject
Global
	GlobalSection(SolutionConfigurationPlatforms) = preSolution
		Debug|Any CPU = Debug|Any CPU
		Release|Any CPU = Release|Any CPU
	EndGlobalSection
	GlobalSection(ProjectConfigurationPlatforms) = postSolution
		{8112502A-84BE-47CD-9AAA-8887614E83BE}.Debug|Any CPU.ActiveCfg = Debug|Any CPU
		{8112502A-84BE-47CD-9AAA-8887614E83BE}.Debug|Any CPU.Build.0 = Debug|Any CPU
		{8112502A-84BE-47CD-9AAA-8887614E83BE}.Release|Any CPU.ActiveCfg = Release|Any CPU
		{8112502A-84BE-47CD-9AAA-8887614E83BE}.Release|Any CPU.Build.0 = Release|Any CPU
		{66FC72FC-9D8A-4047-A42E-C4862D51E970}.Debug|Any CPU.ActiveCfg = Debug|Any CPU
		{66FC72FC-9D8A-4047-A42E-C4862D51E970}.Debug|Any CPU.Build.0 = Debug|Any CPU
		{66FC72FC-9D8A-4047-A42E-C4862D51E970}.Release|Any CPU.ActiveCfg = Release|Any CPU
		{66FC72FC-9D8A-4047-A42E-C4862D51E970}.Release|Any CPU.Build.0 = Release|Any CPU
		{3356B325-B241-4FBB-971A-BEF02A8C370C}.Debug|Any CPU.ActiveCfg = Debug|Any CPU
		{3356B325-B241-4FBB-971A-BEF02A8C370C}.Debug|Any CPU.Build.0 = Debug|Any CPU
		{3356B325-B241-4FBB-971A-BEF02A8C370C}.Release|Any CPU.ActiveCfg = Release|Any CPU
		{3356B325-B241-4FBB-971A-BEF02A8C370C}.Release|Any CPU.Build.0 = Release|Any CPU
		{3F78CADD-3698-4463-B434-173EA26321BD}.Debug|Any CPU.ActiveCfg = Debug|Any CPU
		{3F78CADD-3698-4463-B434-173EA26321BD}.Debug|Any CPU.Build.0 = Debug|Any CPU
		{3F78CADD-3698-4463-B434-173EA26321BD}.Release|Any CPU.ActiveCfg = Release|Any CPU
		{3F78CADD-3698-4463-B434-173EA26321BD}.Release|Any CPU.Build.0 = Release|Any CPU
	EndGlobalSection
	GlobalSection(SolutionProperties) = preSolution
		HideSolutionNode = FALSE
	EndGlobalSection
	GlobalSection(NestedProjects) = preSolution
		{8112502A-84BE-47CD-9AAA-8887614E83BE} = {54F9940C-0E41-4D06-B22F-DD2D82EBC752}
		{66FC72FC-9D8A-4047-A42E-C4862D51E970} = {3C194489-6F4C-401B-B6A2-98C99BCEFB79}
		{3356B325-B241-4FBB-971A-BEF02A8C370C} = {291C9BD2-E935-4B32-8A4B-F2B75E560AE1}
		{3F78CADD-3698-4463-B434-173EA26321BD} = {291C9BD2-E935-4B32-8A4B-F2B75E560AE1}
	EndGlobalSection
	GlobalSection(ExtensibilityGlobals) = postSolution
		SolutionGuid = {F1A447D8-0AEC-4B35-B3AE-BF563591306B}
	EndGlobalSection
EndGlobal
