
Microsoft Visual Studio Solution File, Format Version 12.00
# Visual Studio Version 16
VisualStudioVersion = 16.0.30225.117
MinimumVisualStudioVersion = 10.0.40219.1
Project("{FAE04EC0-301F-11D3-BF4B-00C04F79EFBC}") = "TastyBoutique.API", "TastyBoutique\TastyBoutique.API.csproj", "{8112502A-84BE-47CD-9AAA-8887614E83BE}"
	ProjectSection(ProjectDependencies) = postProject
		{66FC72FC-9D8A-4047-A42E-C4862D51E970} = {66FC72FC-9D8A-4047-A42E-C4862D51E970}
	EndProjectSection
EndProject
Project("{FAE04EC0-301F-11D3-BF4B-00C04F79EFBC}") = "TastyBoutique.Business", "TastyBoutique.Business\TastyBoutique.Business.csproj", "{66FC72FC-9D8A-4047-A42E-C4862D51E970}"
EndProject
Project("{FAE04EC0-301F-11D3-BF4B-00C04F79EFBC}") = "TastyBoutique.Database", "TastyBoutique.Database\TastyBoutique.Database.csproj", "{9A4B892C-6068-47E6-A8B7-E67430F225E2}"
EndProject
Global
	GlobalSection(SolutionConfigurationPlatforms) = preSolution
		Debug|Any CPU = Debug|Any CPU
		Release|Any CPU = Release|Any CPU
	EndGlobalSection
	GlobalSection(ProjectConfigurationPlatforms) = postSolution
		{8112502A-84BE-47CD-9AAA-8887614E83BE}.Debug|Any CPU.ActiveCfg = Debug|Any CPU
		{8112502A-84BE-47CD-9AAA-8887614E83BE}.Debug|Any CPU.Build.0 = Debug|Any CPU
		{8112502A-84BE-47CD-9AAA-8887614E83BE}.Release|Any CPU.ActiveCfg = Release|Any CPU
		{8112502A-84BE-47CD-9AAA-8887614E83BE}.Release|Any CPU.Build.0 = Release|Any CPU
		{66FC72FC-9D8A-4047-A42E-C4862D51E970}.Debug|Any CPU.ActiveCfg = Debug|Any CPU
		{66FC72FC-9D8A-4047-A42E-C4862D51E970}.Debug|Any CPU.Build.0 = Debug|Any CPU
		{66FC72FC-9D8A-4047-A42E-C4862D51E970}.Release|Any CPU.ActiveCfg = Release|Any CPU
		{66FC72FC-9D8A-4047-A42E-C4862D51E970}.Release|Any CPU.Build.0 = Release|Any CPU
		{9A4B892C-6068-47E6-A8B7-E67430F225E2}.Debug|Any CPU.ActiveCfg = Debug|Any CPU
		{9A4B892C-6068-47E6-A8B7-E67430F225E2}.Debug|Any CPU.Build.0 = Debug|Any CPU
		{9A4B892C-6068-47E6-A8B7-E67430F225E2}.Release|Any CPU.ActiveCfg = Release|Any CPU
		{9A4B892C-6068-47E6-A8B7-E67430F225E2}.Release|Any CPU.Build.0 = Release|Any CPU
	EndGlobalSection
	GlobalSection(SolutionProperties) = preSolution
		HideSolutionNode = FALSE
	EndGlobalSection
	GlobalSection(ExtensibilityGlobals) = postSolution
		SolutionGuid = {F1A447D8-0AEC-4B35-B3AE-BF563591306B}
	EndGlobalSection
EndGlobal
